
Microsoft Visual Studio Solution File, Format Version 12.00
# Visual Studio Version 17
VisualStudioVersion = 17.11.35303.130
MinimumVisualStudioVersion = 10.0.40219.1
Project("{FAE04EC0-301F-11D3-BF4B-00C04F79EFBC}") = "Frisdrank", "Frisdrank\Frisdrank.csproj", "{AC1973D3-5C53-412F-8AA6-91A34B6BD700}"
EndProject
Global
	GlobalSection(SolutionConfigurationPlatforms) = preSolution
		Debug|Any CPU = Debug|Any CPU
		Release|Any CPU = Release|Any CPU
	EndGlobalSection
	GlobalSection(ProjectConfigurationPlatforms) = postSolution
		{AC1973D3-5C53-412F-8AA6-91A34B6BD700}.Debug|Any CPU.ActiveCfg = Debug|Any CPU
		{AC1973D3-5C53-412F-8AA6-91A34B6BD700}.Debug|Any CPU.Build.0 = Debug|Any CPU
		{AC1973D3-5C53-412F-8AA6-91A34B6BD700}.Release|Any CPU.ActiveCfg = Release|Any CPU
		{AC1973D3-5C53-412F-8AA6-91A34B6BD700}.Release|Any CPU.Build.0 = Release|Any CPU
	EndGlobalSection
	GlobalSection(SolutionProperties) = preSolution
		HideSolutionNode = FALSE
	EndGlobalSection
	GlobalSection(ExtensibilityGlobals) = postSolution
		SolutionGuid = {9C39228A-63CB-4A7C-954D-3BB591765FAB}
	EndGlobalSection
EndGlobal
