
Microsoft Visual Studio Solution File, Format Version 12.00
# Visual Studio Version 17
VisualStudioVersion = 17.11.35303.130
MinimumVisualStudioVersion = 10.0.40219.1
Project("{FAE04EC0-301F-11D3-BF4B-00C04F79EFBC}") = "rekenmachine", "rekenmachine\rekenmachine.csproj", "{1ABF7795-EF42-4031-BB23-0176653C96DE}"
EndProject
Global
	GlobalSection(SolutionConfigurationPlatforms) = preSolution
		Debug|Any CPU = Debug|Any CPU
		Release|Any CPU = Release|Any CPU
	EndGlobalSection
	GlobalSection(ProjectConfigurationPlatforms) = postSolution
		{1ABF7795-EF42-4031-BB23-0176653C96DE}.Debug|Any CPU.ActiveCfg = Debug|Any CPU
		{1ABF7795-EF42-4031-BB23-0176653C96DE}.Debug|Any CPU.Build.0 = Debug|Any CPU
		{1ABF7795-EF42-4031-BB23-0176653C96DE}.Release|Any CPU.ActiveCfg = Release|Any CPU
		{1ABF7795-EF42-4031-BB23-0176653C96DE}.Release|Any CPU.Build.0 = Release|Any CPU
	EndGlobalSection
	GlobalSection(SolutionProperties) = preSolution
		HideSolutionNode = FALSE
	EndGlobalSection
	GlobalSection(ExtensibilityGlobals) = postSolution
		SolutionGuid = {76A76BD9-3787-40C3-BFB1-96271BC52A82}
	EndGlobalSection
EndGlobal
