
Microsoft Visual Studio Solution File, Format Version 12.00
# Visual Studio Version 17
VisualStudioVersion = 17.11.35303.130
MinimumVisualStudioVersion = 10.0.40219.1
Project("{FAE04EC0-301F-11D3-BF4B-00C04F79EFBC}") = "Dualdice", "Dualdice\Dualdice.csproj", "{A21DF6CD-B267-47C6-B6A7-CE830DC06C8E}"
EndProject
Global
	GlobalSection(SolutionConfigurationPlatforms) = preSolution
		Debug|Any CPU = Debug|Any CPU
		Release|Any CPU = Release|Any CPU
	EndGlobalSection
	GlobalSection(ProjectConfigurationPlatforms) = postSolution
		{A21DF6CD-B267-47C6-B6A7-CE830DC06C8E}.Debug|Any CPU.ActiveCfg = Debug|Any CPU
		{A21DF6CD-B267-47C6-B6A7-CE830DC06C8E}.Debug|Any CPU.Build.0 = Debug|Any CPU
		{A21DF6CD-B267-47C6-B6A7-CE830DC06C8E}.Release|Any CPU.ActiveCfg = Release|Any CPU
		{A21DF6CD-B267-47C6-B6A7-CE830DC06C8E}.Release|Any CPU.Build.0 = Release|Any CPU
	EndGlobalSection
	GlobalSection(SolutionProperties) = preSolution
		HideSolutionNode = FALSE
	EndGlobalSection
	GlobalSection(ExtensibilityGlobals) = postSolution
		SolutionGuid = {E598A3F5-2F90-4AFF-8A5E-1468D4BB25C2}
	EndGlobalSection
EndGlobal
