
Microsoft Visual Studio Solution File, Format Version 12.00
# Visual Studio Version 17
VisualStudioVersion = 17.11.35303.130
MinimumVisualStudioVersion = 10.0.40219.1
Project("{FAE04EC0-301F-11D3-BF4B-00C04F79EFBC}") = "Minecraft", "Minecraft\Minecraft.csproj", "{96F1007D-D4F1-47A7-BC55-5479C1D84956}"
EndProject
Global
	GlobalSection(SolutionConfigurationPlatforms) = preSolution
		Debug|Any CPU = Debug|Any CPU
		Release|Any CPU = Release|Any CPU
	EndGlobalSection
	GlobalSection(ProjectConfigurationPlatforms) = postSolution
		{96F1007D-D4F1-47A7-BC55-5479C1D84956}.Debug|Any CPU.ActiveCfg = Debug|Any CPU
		{96F1007D-D4F1-47A7-BC55-5479C1D84956}.Debug|Any CPU.Build.0 = Debug|Any CPU
		{96F1007D-D4F1-47A7-BC55-5479C1D84956}.Release|Any CPU.ActiveCfg = Release|Any CPU
		{96F1007D-D4F1-47A7-BC55-5479C1D84956}.Release|Any CPU.Build.0 = Release|Any CPU
	EndGlobalSection
	GlobalSection(SolutionProperties) = preSolution
		HideSolutionNode = FALSE
	EndGlobalSection
	GlobalSection(ExtensibilityGlobals) = postSolution
		SolutionGuid = {676337C7-9126-42BB-A1CA-884AF3AC600B}
	EndGlobalSection
EndGlobal
