
Microsoft Visual Studio Solution File, Format Version 12.00
# Visual Studio Version 17
VisualStudioVersion = 17.11.35303.130
MinimumVisualStudioVersion = 10.0.40219.1
Project("{FAE04EC0-301F-11D3-BF4B-00C04F79EFBC}") = "Faculteit", "Faculteit\Faculteit.csproj", "{30D537EB-895B-4B43-8C75-31B5A687EFEE}"
EndProject
Global
	GlobalSection(SolutionConfigurationPlatforms) = preSolution
		Debug|Any CPU = Debug|Any CPU
		Release|Any CPU = Release|Any CPU
	EndGlobalSection
	GlobalSection(ProjectConfigurationPlatforms) = postSolution
		{30D537EB-895B-4B43-8C75-31B5A687EFEE}.Debug|Any CPU.ActiveCfg = Debug|Any CPU
		{30D537EB-895B-4B43-8C75-31B5A687EFEE}.Debug|Any CPU.Build.0 = Debug|Any CPU
		{30D537EB-895B-4B43-8C75-31B5A687EFEE}.Release|Any CPU.ActiveCfg = Release|Any CPU
		{30D537EB-895B-4B43-8C75-31B5A687EFEE}.Release|Any CPU.Build.0 = Release|Any CPU
	EndGlobalSection
	GlobalSection(SolutionProperties) = preSolution
		HideSolutionNode = FALSE
	EndGlobalSection
	GlobalSection(ExtensibilityGlobals) = postSolution
		SolutionGuid = {8E595876-3B25-4309-84A8-6240B3DD739C}
	EndGlobalSection
EndGlobal
